// !$*UTF8*$!
{
	archiveVersion = 1;
	classes = {
	};
	objectVersion = 50;
	objects = {

/* Begin PBXBuildFile section */
		83754AFF2526E2BF00C081E8 /* AppDelegate.swift in Sources */ = {isa = PBXBuildFile; fileRef = 83754AFE2526E2BF00C081E8 /* AppDelegate.swift */; };
		83754B012526E2BF00C081E8 /* SceneDelegate.swift in Sources */ = {isa = PBXBuildFile; fileRef = 83754B002526E2BF00C081E8 /* SceneDelegate.swift */; };
		83754B032526E2BF00C081E8 /* ViewController.swift in Sources */ = {isa = PBXBuildFile; fileRef = 83754B022526E2BF00C081E8 /* ViewController.swift */; };
		83754B062526E2BF00C081E8 /* Main.storyboard in Resources */ = {isa = PBXBuildFile; fileRef = 83754B042526E2BF00C081E8 /* Main.storyboard */; };
		83754B082526E2C000C081E8 /* Assets.xcassets in Resources */ = {isa = PBXBuildFile; fileRef = 83754B072526E2C000C081E8 /* Assets.xcassets */; };
		83754B0B2526E2C000C081E8 /* LaunchScreen.storyboard in Resources */ = {isa = PBXBuildFile; fileRef = 83754B092526E2C000C081E8 /* LaunchScreen.storyboard */; };
		83754B162526E2C000C081E8 /* EnjoyEditVideoTests.swift in Sources */ = {isa = PBXBuildFile; fileRef = 83754B152526E2C000C081E8 /* EnjoyEditVideoTests.swift */; };
		83754B212526E2C000C081E8 /* EnjoyEditVideoUITests.swift in Sources */ = {isa = PBXBuildFile; fileRef = 83754B202526E2C000C081E8 /* EnjoyEditVideoUITests.swift */; };
/* End PBXBuildFile section */

/* Begin PBXContainerItemProxy section */
		83754B122526E2C000C081E8 /* PBXContainerItemProxy */ = {
			isa = PBXContainerItemProxy;
			containerPortal = 83754AF32526E2BF00C081E8 /* Project object */;
			proxyType = 1;
			remoteGlobalIDString = 83754AFA2526E2BF00C081E8;
			remoteInfo = EnjoyEditVideo;
		};
		83754B1D2526E2C000C081E8 /* PBXContainerItemProxy */ = {
			isa = PBXContainerItemProxy;
			containerPortal = 83754AF32526E2BF00C081E8 /* Project object */;
			proxyType = 1;
			remoteGlobalIDString = 83754AFA2526E2BF00C081E8;
			remoteInfo = EnjoyEditVideo;
		};
/* End PBXContainerItemProxy section */

/* Begin PBXFileReference section */
		83754AFB2526E2BF00C081E8 /* EnjoyEditVideo.app */ = {isa = PBXFileReference; explicitFileType = wrapper.application; includeInIndex = 0; path = EnjoyEditVideo.app; sourceTree = BUILT_PRODUCTS_DIR; };
		83754AFE2526E2BF00C081E8 /* AppDelegate.swift */ = {isa = PBXFileReference; lastKnownFileType = sourcecode.swift; path = AppDelegate.swift; sourceTree = "<group>"; };
		83754B002526E2BF00C081E8 /* SceneDelegate.swift */ = {isa = PBXFileReference; lastKnownFileType = sourcecode.swift; path = SceneDelegate.swift; sourceTree = "<group>"; };
		83754B022526E2BF00C081E8 /* ViewController.swift */ = {isa = PBXFileReference; lastKnownFileType = sourcecode.swift; path = ViewController.swift; sourceTree = "<group>"; };
		83754B052526E2BF00C081E8 /* Base */ = {isa = PBXFileReference; lastKnownFileType = file.storyboard; name = Base; path = Base.lproj/Main.storyboard; sourceTree = "<group>"; };
		83754B072526E2C000C081E8 /* Assets.xcassets */ = {isa = PBXFileReference; lastKnownFileType = folder.assetcatalog; path = Assets.xcassets; sourceTree = "<group>"; };
		83754B0A2526E2C000C081E8 /* Base */ = {isa = PBXFileReference; lastKnownFileType = file.storyboard; name = Base; path = Base.lproj/LaunchScreen.storyboard; sourceTree = "<group>"; };
		83754B0C2526E2C000C081E8 /* Info.plist */ = {isa = PBXFileReference; lastKnownFileType = text.plist.xml; path = Info.plist; sourceTree = "<group>"; };
		83754B112526E2C000C081E8 /* EnjoyEditVideoTests.xctest */ = {isa = PBXFileReference; explicitFileType = wrapper.cfbundle; includeInIndex = 0; path = EnjoyEditVideoTests.xctest; sourceTree = BUILT_PRODUCTS_DIR; };
		83754B152526E2C000C081E8 /* EnjoyEditVideoTests.swift */ = {isa = PBXFileReference; lastKnownFileType = sourcecode.swift; path = EnjoyEditVideoTests.swift; sourceTree = "<group>"; };
		83754B172526E2C000C081E8 /* Info.plist */ = {isa = PBXFileReference; lastKnownFileType = text.plist.xml; path = Info.plist; sourceTree = "<group>"; };
		83754B1C2526E2C000C081E8 /* EnjoyEditVideoUITests.xctest */ = {isa = PBXFileReference; explicitFileType = wrapper.cfbundle; includeInIndex = 0; path = EnjoyEditVideoUITests.xctest; sourceTree = BUILT_PRODUCTS_DIR; };
		83754B202526E2C000C081E8 /* EnjoyEditVideoUITests.swift */ = {isa = PBXFileReference; lastKnownFileType = sourcecode.swift; path = EnjoyEditVideoUITests.swift; sourceTree = "<group>"; };
		83754B222526E2C000C081E8 /* Info.plist */ = {isa = PBXFileReference; lastKnownFileType = text.plist.xml; path = Info.plist; sourceTree = "<group>"; };
/* End PBXFileReference section */

/* Begin PBXFrameworksBuildPhase section */
		83754AF82526E2BF00C081E8 /* Frameworks */ = {
			isa = PBXFrameworksBuildPhase;
			buildActionMask = 2147483647;
			files = (
			);
			runOnlyForDeploymentPostprocessing = 0;
		};
		83754B0E2526E2C000C081E8 /* Frameworks */ = {
			isa = PBXFrameworksBuildPhase;
			buildActionMask = 2147483647;
			files = (
			);
			runOnlyForDeploymentPostprocessing = 0;
		};
		83754B192526E2C000C081E8 /* Frameworks */ = {
			isa = PBXFrameworksBuildPhase;
			buildActionMask = 2147483647;
			files = (
			);
			runOnlyForDeploymentPostprocessing = 0;
		};
/* End PBXFrameworksBuildPhase section */

/* Begin PBXGroup section */
		83754AF22526E2BF00C081E8 = {
			isa = PBXGroup;
			children = (
				83754AFD2526E2BF00C081E8 /* EnjoyEditVideo */,
				83754B142526E2C000C081E8 /* EnjoyEditVideoTests */,
				83754B1F2526E2C000C081E8 /* EnjoyEditVideoUITests */,
				83754AFC2526E2BF00C081E8 /* Products */,
			);
			sourceTree = "<group>";
		};
		83754AFC2526E2BF00C081E8 /* Products */ = {
			isa = PBXGroup;
			children = (
				83754AFB2526E2BF00C081E8 /* EnjoyEditVideo.app */,
				83754B112526E2C000C081E8 /* EnjoyEditVideoTests.xctest */,
				83754B1C2526E2C000C081E8 /* EnjoyEditVideoUITests.xctest */,
			);
			name = Products;
			sourceTree = "<group>";
		};
		83754AFD2526E2BF00C081E8 /* EnjoyEditVideo */ = {
			isa = PBXGroup;
			children = (
				83754AFE2526E2BF00C081E8 /* AppDelegate.swift */,
				83754B002526E2BF00C081E8 /* SceneDelegate.swift */,
				83754B022526E2BF00C081E8 /* ViewController.swift */,
				83754B042526E2BF00C081E8 /* Main.storyboard */,
				83754B072526E2C000C081E8 /* Assets.xcassets */,
				83754B092526E2C000C081E8 /* LaunchScreen.storyboard */,
				83754B0C2526E2C000C081E8 /* Info.plist */,
			);
			path = EnjoyEditVideo;
			sourceTree = "<group>";
		};
		83754B142526E2C000C081E8 /* EnjoyEditVideoTests */ = {
			isa = PBXGroup;
			children = (
				83754B152526E2C000C081E8 /* EnjoyEditVideoTests.swift */,
				83754B172526E2C000C081E8 /* Info.plist */,
			);
			path = EnjoyEditVideoTests;
			sourceTree = "<group>";
		};
		83754B1F2526E2C000C081E8 /* EnjoyEditVideoUITests */ = {
			isa = PBXGroup;
			children = (
				83754B202526E2C000C081E8 /* EnjoyEditVideoUITests.swift */,
				83754B222526E2C000C081E8 /* Info.plist */,
			);
			path = EnjoyEditVideoUITests;
			sourceTree = "<group>";
		};
/* End PBXGroup section */

/* Begin PBXNativeTarget section */
		83754AFA2526E2BF00C081E8 /* EnjoyEditVideo */ = {
			isa = PBXNativeTarget;
			buildConfigurationList = 83754B252526E2C000C081E8 /* Build configuration list for PBXNativeTarget "EnjoyEditVideo" */;
			buildPhases = (
				83754AF72526E2BF00C081E8 /* Sources */,
				83754AF82526E2BF00C081E8 /* Frameworks */,
				83754AF92526E2BF00C081E8 /* Resources */,
			);
			buildRules = (
			);
			dependencies = (
			);
			name = EnjoyEditVideo;
			productName = EnjoyEditVideo;
			productReference = 83754AFB2526E2BF00C081E8 /* EnjoyEditVideo.app */;
			productType = "com.apple.product-type.application";
		};
		83754B102526E2C000C081E8 /* EnjoyEditVideoTests */ = {
			isa = PBXNativeTarget;
			buildConfigurationList = 83754B282526E2C000C081E8 /* Build configuration list for PBXNativeTarget "EnjoyEditVideoTests" */;
			buildPhases = (
				83754B0D2526E2C000C081E8 /* Sources */,
				83754B0E2526E2C000C081E8 /* Frameworks */,
				83754B0F2526E2C000C081E8 /* Resources */,
			);
			buildRules = (
			);
			dependencies = (
				83754B132526E2C000C081E8 /* PBXTargetDependency */,
			);
			name = EnjoyEditVideoTests;
			productName = EnjoyEditVideoTests;
			productReference = 83754B112526E2C000C081E8 /* EnjoyEditVideoTests.xctest */;
			productType = "com.apple.product-type.bundle.unit-test";
		};
		83754B1B2526E2C000C081E8 /* EnjoyEditVideoUITests */ = {
			isa = PBXNativeTarget;
			buildConfigurationList = 83754B2B2526E2C000C081E8 /* Build configuration list for PBXNativeTarget "EnjoyEditVideoUITests" */;
			buildPhases = (
				83754B182526E2C000C081E8 /* Sources */,
				83754B192526E2C000C081E8 /* Frameworks */,
				83754B1A2526E2C000C081E8 /* Resources */,
			);
			buildRules = (
			);
			dependencies = (
				83754B1E2526E2C000C081E8 /* PBXTargetDependency */,
			);
			name = EnjoyEditVideoUITests;
			productName = EnjoyEditVideoUITests;
			productReference = 83754B1C2526E2C000C081E8 /* EnjoyEditVideoUITests.xctest */;
			productType = "com.apple.product-type.bundle.ui-testing";
		};
/* End PBXNativeTarget section */

/* Begin PBXProject section */
		83754AF32526E2BF00C081E8 /* Project object */ = {
			isa = PBXProject;
			attributes = {
				LastSwiftUpdateCheck = 1110;
				LastUpgradeCheck = 1110;
				ORGANIZATIONNAME = DungND;
				TargetAttributes = {
					83754AFA2526E2BF00C081E8 = {
						CreatedOnToolsVersion = 11.1;
					};
					83754B102526E2C000C081E8 = {
						CreatedOnToolsVersion = 11.1;
						TestTargetID = 83754AFA2526E2BF00C081E8;
					};
					83754B1B2526E2C000C081E8 = {
						CreatedOnToolsVersion = 11.1;
						TestTargetID = 83754AFA2526E2BF00C081E8;
					};
				};
			};
			buildConfigurationList = 83754AF62526E2BF00C081E8 /* Build configuration list for PBXProject "EnjoyEditVideo" */;
			compatibilityVersion = "Xcode 9.3";
			developmentRegion = en;
			hasScannedForEncodings = 0;
			knownRegions = (
				en,
				Base,
			);
			mainGroup = 83754AF22526E2BF00C081E8;
			productRefGroup = 83754AFC2526E2BF00C081E8 /* Products */;
			projectDirPath = "";
			projectRoot = "";
			targets = (
				83754AFA2526E2BF00C081E8 /* EnjoyEditVideo */,
				83754B102526E2C000C081E8 /* EnjoyEditVideoTests */,
				83754B1B2526E2C000C081E8 /* EnjoyEditVideoUITests */,
			);
		};
/* End PBXProject section */

/* Begin PBXResourcesBuildPhase section */
		83754AF92526E2BF00C081E8 /* Resources */ = {
			isa = PBXResourcesBuildPhase;
			buildActionMask = 2147483647;
			files = (
				83754B0B2526E2C000C081E8 /* LaunchScreen.storyboard in Resources */,
				83754B082526E2C000C081E8 /* Assets.xcassets in Resources */,
				83754B062526E2BF00C081E8 /* Main.storyboard in Resources */,
			);
			runOnlyForDeploymentPostprocessing = 0;
		};
		83754B0F2526E2C000C081E8 /* Resources */ = {
			isa = PBXResourcesBuildPhase;
			buildActionMask = 2147483647;
			files = (
			);
			runOnlyForDeploymentPostprocessing = 0;
		};
		83754B1A2526E2C000C081E8 /* Resources */ = {
			isa = PBXResourcesBuildPhase;
			buildActionMask = 2147483647;
			files = (
			);
			runOnlyForDeploymentPostprocessing = 0;
		};
/* End PBXResourcesBuildPhase section */

/* Begin PBXSourcesBuildPhase section */
		83754AF72526E2BF00C081E8 /* Sources */ = {
			isa = PBXSourcesBuildPhase;
			buildActionMask = 2147483647;
			files = (
				83754B032526E2BF00C081E8 /* ViewController.swift in Sources */,
				83754AFF2526E2BF00C081E8 /* AppDelegate.swift in Sources */,
				83754B012526E2BF00C081E8 /* SceneDelegate.swift in Sources */,
			);
			runOnlyForDeploymentPostprocessing = 0;
		};
		83754B0D2526E2C000C081E8 /* Sources */ = {
			isa = PBXSourcesBuildPhase;
			buildActionMask = 2147483647;
			files = (
				83754B162526E2C000C081E8 /* EnjoyEditVideoTests.swift in Sources */,
			);
			runOnlyForDeploymentPostprocessing = 0;
		};
		83754B182526E2C000C081E8 /* Sources */ = {
			isa = PBXSourcesBuildPhase;
			buildActionMask = 2147483647;
			files = (
				83754B212526E2C000C081E8 /* EnjoyEditVideoUITests.swift in Sources */,
			);
			runOnlyForDeploymentPostprocessing = 0;
		};
/* End PBXSourcesBuildPhase section */

/* Begin PBXTargetDependency section */
		83754B132526E2C000C081E8 /* PBXTargetDependency */ = {
			isa = PBXTargetDependency;
			target = 83754AFA2526E2BF00C081E8 /* EnjoyEditVideo */;
			targetProxy = 83754B122526E2C000C081E8 /* PBXContainerItemProxy */;
		};
		83754B1E2526E2C000C081E8 /* PBXTargetDependency */ = {
			isa = PBXTargetDependency;
			target = 83754AFA2526E2BF00C081E8 /* EnjoyEditVideo */;
			targetProxy = 83754B1D2526E2C000C081E8 /* PBXContainerItemProxy */;
		};
/* End PBXTargetDependency section */

/* Begin PBXVariantGroup section */
		83754B042526E2BF00C081E8 /* Main.storyboard */ = {
			isa = PBXVariantGroup;
			children = (
				83754B052526E2BF00C081E8 /* Base */,
			);
			name = Main.storyboard;
			sourceTree = "<group>";
		};
		83754B092526E2C000C081E8 /* LaunchScreen.storyboard */ = {
			isa = PBXVariantGroup;
			children = (
				83754B0A2526E2C000C081E8 /* Base */,
			);
			name = LaunchScreen.storyboard;
			sourceTree = "<group>";
		};
/* End PBXVariantGroup section */

/* Begin XCBuildConfiguration section */
		83754B232526E2C000C081E8 /* Debug */ = {
			isa = XCBuildConfiguration;
			buildSettings = {
				ALWAYS_SEARCH_USER_PATHS = NO;
				CLANG_ANALYZER_NONNULL = YES;
				CLANG_ANALYZER_NUMBER_OBJECT_CONVERSION = YES_AGGRESSIVE;
				CLANG_CXX_LANGUAGE_STANDARD = "gnu++14";
				CLANG_CXX_LIBRARY = "libc++";
				CLANG_ENABLE_MODULES = YES;
				CLANG_ENABLE_OBJC_ARC = YES;
				CLANG_ENABLE_OBJC_WEAK = YES;
				CLANG_WARN_BLOCK_CAPTURE_AUTORELEASING = YES;
				CLANG_WARN_BOOL_CONVERSION = YES;
				CLANG_WARN_COMMA = YES;
				CLANG_WARN_CONSTANT_CONVERSION = YES;
				CLANG_WARN_DEPRECATED_OBJC_IMPLEMENTATIONS = YES;
				CLANG_WARN_DIRECT_OBJC_ISA_USAGE = YES_ERROR;
				CLANG_WARN_DOCUMENTATION_COMMENTS = YES;
				CLANG_WARN_EMPTY_BODY = YES;
				CLANG_WARN_ENUM_CONVERSION = YES;
				CLANG_WARN_INFINITE_RECURSION = YES;
				CLANG_WARN_INT_CONVERSION = YES;
				CLANG_WARN_NON_LITERAL_NULL_CONVERSION = YES;
				CLANG_WARN_OBJC_IMPLICIT_RETAIN_SELF = YES;
				CLANG_WARN_OBJC_LITERAL_CONVERSION = YES;
				CLANG_WARN_OBJC_ROOT_CLASS = YES_ERROR;
				CLANG_WARN_RANGE_LOOP_ANALYSIS = YES;
				CLANG_WARN_STRICT_PROTOTYPES = YES;
				CLANG_WARN_SUSPICIOUS_MOVE = YES;
				CLANG_WARN_UNGUARDED_AVAILABILITY = YES_AGGRESSIVE;
				CLANG_WARN_UNREACHABLE_CODE = YES;
				CLANG_WARN__DUPLICATE_METHOD_MATCH = YES;
				COPY_PHASE_STRIP = NO;
				DEBUG_INFORMATION_FORMAT = dwarf;
				ENABLE_STRICT_OBJC_MSGSEND = YES;
				ENABLE_TESTABILITY = YES;
				GCC_C_LANGUAGE_STANDARD = gnu11;
				GCC_DYNAMIC_NO_PIC = NO;
				GCC_NO_COMMON_BLOCKS = YES;
				GCC_OPTIMIZATION_LEVEL = 0;
				GCC_PREPROCESSOR_DEFINITIONS = (
					"DEBUG=1",
					"$(inherited)",
				);
				GCC_WARN_64_TO_32_BIT_CONVERSION = YES;
				GCC_WARN_ABOUT_RETURN_TYPE = YES_ERROR;
				GCC_WARN_UNDECLARED_SELECTOR = YES;
				GCC_WARN_UNINITIALIZED_AUTOS = YES_AGGRESSIVE;
				GCC_WARN_UNUSED_FUNCTION = YES;
				GCC_WARN_UNUSED_VARIABLE = YES;
				IPHONEOS_DEPLOYMENT_TARGET = 13.1;
				MTL_ENABLE_DEBUG_INFO = INCLUDE_SOURCE;
				MTL_FAST_MATH = YES;
				ONLY_ACTIVE_ARCH = YES;
				SDKROOT = iphoneos;
				SWIFT_ACTIVE_COMPILATION_CONDITIONS = DEBUG;
				SWIFT_OPTIMIZATION_LEVEL = "-Onone";
			};
			name = Debug;
		};
		83754B242526E2C000C081E8 /* Release */ = {
			isa = XCBuildConfiguration;
			buildSettings = {
				ALWAYS_SEARCH_USER_PATHS = NO;
				CLANG_ANALYZER_NONNULL = YES;
				CLANG_ANALYZER_NUMBER_OBJECT_CONVERSION = YES_AGGRESSIVE;
				CLANG_CXX_LANGUAGE_STANDARD = "gnu++14";
				CLANG_CXX_LIBRARY = "libc++";
				CLANG_ENABLE_MODULES = YES;
				CLANG_ENABLE_OBJC_ARC = YES;
				CLANG_ENABLE_OBJC_WEAK = YES;
				CLANG_WARN_BLOCK_CAPTURE_AUTORELEASING = YES;
				CLANG_WARN_BOOL_CONVERSION = YES;
				CLANG_WARN_COMMA = YES;
				CLANG_WARN_CONSTANT_CONVERSION = YES;
				CLANG_WARN_DEPRECATED_OBJC_IMPLEMENTATIONS = YES;
				CLANG_WARN_DIRECT_OBJC_ISA_USAGE = YES_ERROR;
				CLANG_WARN_DOCUMENTATION_COMMENTS = YES;
				CLANG_WARN_EMPTY_BODY = YES;
				CLANG_WARN_ENUM_CONVERSION = YES;
				CLANG_WARN_INFINITE_RECURSION = YES;
				CLANG_WARN_INT_CONVERSION = YES;
				CLANG_WARN_NON_LITERAL_NULL_CONVERSION = YES;
				CLANG_WARN_OBJC_IMPLICIT_RETAIN_SELF = YES;
				CLANG_WARN_OBJC_LITERAL_CONVERSION = YES;
				CLANG_WARN_OBJC_ROOT_CLASS = YES_ERROR;
				CLANG_WARN_RANGE_LOOP_ANALYSIS = YES;
				CLANG_WARN_STRICT_PROTOTYPES = YES;
				CLANG_WARN_SUSPICIOUS_MOVE = YES;
				CLANG_WARN_UNGUARDED_AVAILABILITY = YES_AGGRESSIVE;
				CLANG_WARN_UNREACHABLE_CODE = YES;
				CLANG_WARN__DUPLICATE_METHOD_MATCH = YES;
				COPY_PHASE_STRIP = NO;
				DEBUG_INFORMATION_FORMAT = "dwarf-with-dsym";
				ENABLE_NS_ASSERTIONS = NO;
				ENABLE_STRICT_OBJC_MSGSEND = YES;
				GCC_C_LANGUAGE_STANDARD = gnu11;
				GCC_NO_COMMON_BLOCKS = YES;
				GCC_WARN_64_TO_32_BIT_CONVERSION = YES;
				GCC_WARN_ABOUT_RETURN_TYPE = YES_ERROR;
				GCC_WARN_UNDECLARED_SELECTOR = YES;
				GCC_WARN_UNINITIALIZED_AUTOS = YES_AGGRESSIVE;
				GCC_WARN_UNUSED_FUNCTION = YES;
				GCC_WARN_UNUSED_VARIABLE = YES;
				IPHONEOS_DEPLOYMENT_TARGET = 13.1;
				MTL_ENABLE_DEBUG_INFO = NO;
				MTL_FAST_MATH = YES;
				SDKROOT = iphoneos;
				SWIFT_COMPILATION_MODE = wholemodule;
				SWIFT_OPTIMIZATION_LEVEL = "-O";
				VALIDATE_PRODUCT = YES;
			};
			name = Release;
		};
		83754B262526E2C000C081E8 /* Debug */ = {
			isa = XCBuildConfiguration;
			buildSettings = {
				ASSETCATALOG_COMPILER_APPICON_NAME = AppIcon;
				CODE_SIGN_STYLE = Automatic;
				DEVELOPMENT_TEAM = 46W25C8KDG;
				INFOPLIST_FILE = EnjoyEditVideo/Info.plist;
				LD_RUNPATH_SEARCH_PATHS = (
					"$(inherited)",
					"@executable_path/Frameworks",
				);
				PRODUCT_BUNDLE_IDENTIFIER = "Niwa-Isamu.EnjoyEditVideo";
				PRODUCT_NAME = "$(TARGET_NAME)";
				SWIFT_VERSION = 5.0;
				TARGETED_DEVICE_FAMILY = "1,2";
			};
			name = Debug;
		};
		83754B272526E2C000C081E8 /* Release */ = {
			isa = XCBuildConfiguration;
			buildSettings = {
				ASSETCATALOG_COMPILER_APPICON_NAME = AppIcon;
				CODE_SIGN_STYLE = Automatic;
				DEVELOPMENT_TEAM = 46W25C8KDG;
				INFOPLIST_FILE = EnjoyEditVideo/Info.plist;
				LD_RUNPATH_SEARCH_PATHS = (
					"$(inherited)",
					"@executable_path/Frameworks",
				);
				PRODUCT_BUNDLE_IDENTIFIER = "Niwa-Isamu.EnjoyEditVideo";
				PRODUCT_NAME = "$(TARGET_NAME)";
				SWIFT_VERSION = 5.0;
				TARGETED_DEVICE_FAMILY = "1,2";
			};
			name = Release;
		};
		83754B292526E2C000C081E8 /* Debug */ = {
			isa = XCBuildConfiguration;
			buildSettings = {
				ALWAYS_EMBED_SWIFT_STANDARD_LIBRARIES = YES;
				BUNDLE_LOADER = "$(TEST_HOST)";
				CODE_SIGN_STYLE = Automatic;
				DEVELOPMENT_TEAM = 46W25C8KDG;
				INFOPLIST_FILE = EnjoyEditVideoTests/Info.plist;
				IPHONEOS_DEPLOYMENT_TARGET = 13.1;
				LD_RUNPATH_SEARCH_PATHS = (
					"$(inherited)",
					"@executable_path/Frameworks",
					"@loader_path/Frameworks",
				);
				PRODUCT_BUNDLE_IDENTIFIER = "Niwa-Isamu.EnjoyEditVideoTests";
				PRODUCT_NAME = "$(TARGET_NAME)";
				SWIFT_VERSION = 5.0;
				TARGETED_DEVICE_FAMILY = "1,2";
				TEST_HOST = "$(BUILT_PRODUCTS_DIR)/EnjoyEditVideo.app/EnjoyEditVideo";
			};
			name = Debug;
		};
		83754B2A2526E2C000C081E8 /* Release */ = {
			isa = XCBuildConfiguration;
			buildSettings = {
				ALWAYS_EMBED_SWIFT_STANDARD_LIBRARIES = YES;
				BUNDLE_LOADER = "$(TEST_HOST)";
				CODE_SIGN_STYLE = Automatic;
				DEVELOPMENT_TEAM = 46W25C8KDG;
				INFOPLIST_FILE = EnjoyEditVideoTests/Info.plist;
				IPHONEOS_DEPLOYMENT_TARGET = 13.1;
				LD_RUNPATH_SEARCH_PATHS = (
					"$(inherited)",
					"@executable_path/Frameworks",
					"@loader_path/Frameworks",
				);
				PRODUCT_BUNDLE_IDENTIFIER = "Niwa-Isamu.EnjoyEditVideoTests";
				PRODUCT_NAME = "$(TARGET_NAME)";
				SWIFT_VERSION = 5.0;
				TARGETED_DEVICE_FAMILY = "1,2";
				TEST_HOST = "$(BUILT_PRODUCTS_DIR)/EnjoyEditVideo.app/EnjoyEditVideo";
			};
			name = Release;
		};
		83754B2C2526E2C000C081E8 /* Debug */ = {
			isa = XCBuildConfiguration;
			buildSettings = {
				ALWAYS_EMBED_SWIFT_STANDARD_LIBRARIES = YES;
				CODE_SIGN_STYLE = Automatic;
				DEVELOPMENT_TEAM = 46W25C8KDG;
				INFOPLIST_FILE = EnjoyEditVideoUITests/Info.plist;
				LD_RUNPATH_SEARCH_PATHS = (
					"$(inherited)",
					"@executable_path/Frameworks",
					"@loader_path/Frameworks",
				);
				PRODUCT_BUNDLE_IDENTIFIER = "Niwa-Isamu.EnjoyEditVideoUITests";
				PRODUCT_NAME = "$(TARGET_NAME)";
				SWIFT_VERSION = 5.0;
				TARGETED_DEVICE_FAMILY = "1,2";
				TEST_TARGET_NAME = EnjoyEditVideo;
			};
			name = Debug;
		};
		83754B2D2526E2C000C081E8 /* Release */ = {
			isa = XCBuildConfiguration;
			buildSettings = {
				ALWAYS_EMBED_SWIFT_STANDARD_LIBRARIES = YES;
				CODE_SIGN_STYLE = Automatic;
				DEVELOPMENT_TEAM = 46W25C8KDG;
				INFOPLIST_FILE = EnjoyEditVideoUITests/Info.plist;
				LD_RUNPATH_SEARCH_PATHS = (
					"$(inherited)",
					"@executable_path/Frameworks",
					"@loader_path/Frameworks",
				);
				PRODUCT_BUNDLE_IDENTIFIER = "Niwa-Isamu.EnjoyEditVideoUITests";
				PRODUCT_NAME = "$(TARGET_NAME)";
				SWIFT_VERSION = 5.0;
				TARGETED_DEVICE_FAMILY = "1,2";
				TEST_TARGET_NAME = EnjoyEditVideo;
			};
			name = Release;
		};
/* End XCBuildConfiguration section */

/* Begin XCConfigurationList section */
		83754AF62526E2BF00C081E8 /* Build configuration list for PBXProject "EnjoyEditVideo" */ = {
			isa = XCConfigurationList;
			buildConfigurations = (
				83754B232526E2C000C081E8 /* Debug */,
				83754B242526E2C000C081E8 /* Release */,
			);
			defaultConfigurationIsVisible = 0;
			defaultConfigurationName = Release;
		};
		83754B252526E2C000C081E8 /* Build configuration list for PBXNativeTarget "EnjoyEditVideo" */ = {
			isa = XCConfigurationList;
			buildConfigurations = (
				83754B262526E2C000C081E8 /* Debug */,
				83754B272526E2C000C081E8 /* Release */,
			);
			defaultConfigurationIsVisible = 0;
			defaultConfigurationName = Release;
		};
		83754B282526E2C000C081E8 /* Build configuration list for PBXNativeTarget "EnjoyEditVideoTests" */ = {
			isa = XCConfigurationList;
			buildConfigurations = (
				83754B292526E2C000C081E8 /* Debug */,
				83754B2A2526E2C000C081E8 /* Release */,
			);
			defaultConfigurationIsVisible = 0;
			defaultConfigurationName = Release;
		};
		83754B2B2526E2C000C081E8 /* Build configuration list for PBXNativeTarget "EnjoyEditVideoUITests" */ = {
			isa = XCConfigurationList;
			buildConfigurations = (
				83754B2C2526E2C000C081E8 /* Debug */,
				83754B2D2526E2C000C081E8 /* Release */,
			);
			defaultConfigurationIsVisible = 0;
			defaultConfigurationName = Release;
		};
/* End XCConfigurationList section */
	};
	rootObject = 83754AF32526E2BF00C081E8 /* Project object */;
}
